<?xml version="1.0" encoding="utf-8"?>
<Project ToolsVersion="4.0" xmlns="http://schemas.microsoft.com/developer/msbuild/2003">
  <ItemGroup>
    <Filter Include="Source Files">
      <UniqueIdentifier>{4A13D24A-7340-4A53-8D37-9CD3CF22709E}</UniqueIdentifier>
      <Extensions>cpp;c;cc;cxx;c++;cppm;ixx;def;odl;idl;hpj;bat;asm;asmx</Extensions>
    </Filter>
    <Filter Include="Shaders">
      <UniqueIdentifier>{7010E0C0-38DB-4DF7-A0FE-2DD0A2E69072}</UniqueIdentifier>
      <Extensions>hlsl</Extensions>
    </Filter>
  </ItemGroup>
  <ItemGroup>
    <ClCompile Include="main.cpp">
      <Filter>Source Files</Filter>
    </ClCompile>
  </ItemGroup>
  <ItemGroup>
    <None Include="shaders\TexturePlanePS.hlsl">
      <Filter>Shaders</Filter>
    </None>
    <None Include="shaders\TexturePlaneVS.hlsl">
      <Filter>Shaders</Filter>
    </None>
  </ItemGroup>
</Project>
