<?xml version="1.0" encoding="utf-8"?>
<Project ToolsVersion="4.0" xmlns="http://schemas.microsoft.com/developer/msbuild/2003">
  <ItemGroup>
    <Filter Include="Header Files">
      <UniqueIdentifier>{0AAE41E4-A1B5-48A0-B060-F3F8B6D09E3B}</UniqueIdentifier>
    </Filter>
    <Filter Include="Source Files">
      <UniqueIdentifier>{7C0A1A95-2254-4A7E-9583-64C78D2C444B}</UniqueIdentifier>
    </Filter>
  </ItemGroup>
  <ItemGroup>
    <ClInclude Include="include\LightD3D12\HandleSlotMap.hpp">
      <Filter>Header Files</Filter>
    </ClInclude>
    <ClInclude Include="include\LightD3D12\LightD3D12.hpp">
      <Filter>Header Files</Filter>
    </ClInclude>
    <ClInclude Include="src\LightD3D12Internal.hpp">
      <Filter>Header Files</Filter>
    </ClInclude>
    <ClInclude Include="src\LightD3D12Resources.hpp">
      <Filter>Header Files</Filter>
    </ClInclude>
    <ClInclude Include="src\LightD3D12ImmediateCommands.hpp">
      <Filter>Header Files</Filter>
    </ClInclude>
    <ClInclude Include="src\LightD3D12CommandBuffer.hpp">
      <Filter>Header Files</Filter>
    </ClInclude>
    <ClInclude Include="src\LightD3D12StagingDevice.hpp">
      <Filter>Header Files</Filter>
    </ClInclude>
    <ClInclude Include="src\LightD3D12ManagerImpl.hpp">
      <Filter>Header Files</Filter>
    </ClInclude>
    <ClInclude Include="src\LightD3D12Swapchain.hpp">
      <Filter>Header Files</Filter>
    </ClInclude>
    <ClInclude Include="include\LightD3D12\LightD3D12Imgui.hpp" />
  </ItemGroup>
  <ItemGroup>
    <ClCompile Include="src\LightD3D12Resources.cpp">
      <Filter>Source Files</Filter>
    </ClCompile>
    <ClCompile Include="src\LightD3D12ImmediateCommands.cpp">
      <Filter>Source Files</Filter>
    </ClCompile>
    <ClCompile Include="src\LightD3D12CommandBuffer.cpp">
      <Filter>Source Files</Filter>
    </ClCompile>
    <ClCompile Include="src\LightD3D12StagingDevice.cpp">
      <Filter>Source Files</Filter>
    </ClCompile>
    <ClCompile Include="src\LightD3D12Swapchain.cpp">
      <Filter>Source Files</Filter>
    </ClCompile>
    <ClCompile Include="src\LightD3D12DeviceManager.cpp">
      <Filter>Source Files</Filter>
    </ClCompile>
    <ClCompile Include="src\LightD3D12RenderDevice.cpp">
      <Filter>Source Files</Filter>
    </ClCompile>
    <ClCompile Include="src\LightD3D12Imgui.cpp" />
    <ClCompile Include="..\third_party\imgui\imgui.cpp" />
    <ClCompile Include="..\third_party\imgui\imgui_draw.cpp" />
    <ClCompile Include="..\third_party\imgui\imgui_tables.cpp" />
    <ClCompile Include="..\third_party\imgui\imgui_widgets.cpp" />
    <ClCompile Include="..\third_party\imgui\backends\imgui_impl_dx12.cpp" />
    <ClCompile Include="..\third_party\imgui\backends\imgui_impl_win32.cpp" />
  </ItemGroup>
</Project>